
Microsoft Visual Studio Solution File, Format Version 12.00
# Visual Studio Version 16
VisualStudioVersion = 16.0.28803.352
MinimumVisualStudioVersion = 10.0.40219.1
Project("{FAE04EC0-301F-11D3-BF4B-00C04F79EFBC}") = "LabSir1.5", "LabSir1.5\LabSir1.5.csproj", "{271FB47E-C4BA-4CC6-9C77-2F303F549662}"
EndProject
Global
	GlobalSection(SolutionConfigurationPlatforms) = preSolution
		Debug|Any CPU = Debug|Any CPU
		Release|Any CPU = Release|Any CPU
	EndGlobalSection
	GlobalSection(ProjectConfigurationPlatforms) = postSolution
		{271FB47E-C4BA-4CC6-9C77-2F303F549662}.Debug|Any CPU.ActiveCfg = Debug|Any CPU
		{271FB47E-C4BA-4CC6-9C77-2F303F549662}.Debug|Any CPU.Build.0 = Debug|Any CPU
		{271FB47E-C4BA-4CC6-9C77-2F303F549662}.Release|Any CPU.ActiveCfg = Release|Any CPU
		{271FB47E-C4BA-4CC6-9C77-2F303F549662}.Release|Any CPU.Build.0 = Release|Any CPU
	EndGlobalSection
	GlobalSection(SolutionProperties) = preSolution
		HideSolutionNode = FALSE
	EndGlobalSection
	GlobalSection(ExtensibilityGlobals) = postSolution
		SolutionGuid = {26496E4C-2F1D-4341-B73E-E6AD1462BAB4}
	EndGlobalSection
EndGlobal
